
Microsoft Visual Studio Solution File, Format Version 12.00
# Visual Studio Version 17
VisualStudioVersion = 17.1.32210.238
MinimumVisualStudioVersion = 10.0.40219.1
Project("{2150E333-8FDC-42A3-9474-1A3956D46DE8}") = "src", "src", "{7CA76FEB-72F0-4F66-B845-CDCE71718384}"
EndProject
Project("{FAE04EC0-301F-11D3-BF4B-00C04F79EFBC}") = "FileToolser", "src\FileToolser\FileToolser.csproj", "{FA51EF26-A097-4F00-B734-C19A09A445B6}"
EndProject
Global
	GlobalSection(SolutionConfigurationPlatforms) = preSolution
		Debug|Any CPU = Debug|Any CPU
		Release|Any CPU = Release|Any CPU
	EndGlobalSection
	GlobalSection(ProjectConfigurationPlatforms) = postSolution
		{FA51EF26-A097-4F00-B734-C19A09A445B6}.Debug|Any CPU.ActiveCfg = Debug|Any CPU
		{FA51EF26-A097-4F00-B734-C19A09A445B6}.Debug|Any CPU.Build.0 = Debug|Any CPU
		{FA51EF26-A097-4F00-B734-C19A09A445B6}.Release|Any CPU.ActiveCfg = Release|Any CPU
		{FA51EF26-A097-4F00-B734-C19A09A445B6}.Release|Any CPU.Build.0 = Release|Any CPU
	EndGlobalSection
	GlobalSection(SolutionProperties) = preSolution
		HideSolutionNode = FALSE
	EndGlobalSection
	GlobalSection(NestedProjects) = preSolution
		{FA51EF26-A097-4F00-B734-C19A09A445B6} = {7CA76FEB-72F0-4F66-B845-CDCE71718384}
	EndGlobalSection
	GlobalSection(ExtensibilityGlobals) = postSolution
		SolutionGuid = {A90EA384-9B43-43A4-A126-4D0E90E7A5D3}
	EndGlobalSection
EndGlobal
